// !$*UTF8*$!
{
	archiveVersion = 1;
	classes = {
	};
	objectVersion = 50;
	objects = {

/* Begin PBXBuildFile section */
		AB032F1820A0A7DB0065E9EF /* PointNode.swift in Sources */ = {isa = PBXBuildFile; fileRef = AB032F1720A0A7DB0065E9EF /* PointNode.swift */; };
		AB032F1B20A0A8760065E9EF /* VirtualObjectManager.swift in Sources */ = {isa = PBXBuildFile; fileRef = AB032F1A20A0A8760065E9EF /* VirtualObjectManager.swift */; };
		AB032F1E20A0A8FF0065E9EF /* Utilities.swift in Sources */ = {isa = PBXBuildFile; fileRef = AB032F1D20A0A8FF0065E9EF /* Utilities.swift */; };
		AB032F2020A0A95A0065E9EF /* Plane.swift in Sources */ = {isa = PBXBuildFile; fileRef = AB032F1F20A0A95A0065E9EF /* Plane.swift */; };
		AB032F2220A0A9970065E9EF /* FocusSquare.swift in Sources */ = {isa = PBXBuildFile; fileRef = AB032F2120A0A9970065E9EF /* FocusSquare.swift */; };
		AB032F2420A0AA170065E9EF /* FocusSquareSegment.swift in Sources */ = {isa = PBXBuildFile; fileRef = AB032F2320A0AA170065E9EF /* FocusSquareSegment.swift */; };
		AB032F2720A0ED4C0065E9EF /* TextManager.swift in Sources */ = {isa = PBXBuildFile; fileRef = AB032F2620A0ED4C0065E9EF /* TextManager.swift */; };
		AB032F2A20A1EABE0065E9EF /* ViewController+Actions.swift in Sources */ = {isa = PBXBuildFile; fileRef = AB032F2920A1EABE0065E9EF /* ViewController+Actions.swift */; };
		AB032F2C20A1EC5C0065E9EF /* sceneExtensions.swift in Sources */ = {isa = PBXBuildFile; fileRef = AB032F2B20A1EC5C0065E9EF /* sceneExtensions.swift */; };
		AB3F8A3620AA491400290CE0 /* InitialViewController.swift in Sources */ = {isa = PBXBuildFile; fileRef = AB3F8A3520AA491400290CE0 /* InitialViewController.swift */; };
		AB960F6C2085157100C9BC16 /* AppDelegate.swift in Sources */ = {isa = PBXBuildFile; fileRef = AB960F6B2085157100C9BC16 /* AppDelegate.swift */; };
		AB960F6E2085157100C9BC16 /* art.scnassets in Resources */ = {isa = PBXBuildFile; fileRef = AB960F6D2085157100C9BC16 /* art.scnassets */; };
		AB960F702085157100C9BC16 /* ViewController.swift in Sources */ = {isa = PBXBuildFile; fileRef = AB960F6F2085157100C9BC16 /* ViewController.swift */; };
		AB960F732085157100C9BC16 /* Main.storyboard in Resources */ = {isa = PBXBuildFile; fileRef = AB960F712085157100C9BC16 /* Main.storyboard */; };
		AB960F752085157300C9BC16 /* Assets.xcassets in Resources */ = {isa = PBXBuildFile; fileRef = AB960F742085157300C9BC16 /* Assets.xcassets */; };
		AB960F782085157300C9BC16 /* LaunchScreen.storyboard in Resources */ = {isa = PBXBuildFile; fileRef = AB960F762085157300C9BC16 /* LaunchScreen.storyboard */; };
/* End PBXBuildFile section */

/* Begin PBXFileReference section */
		AB032F1720A0A7DB0065E9EF /* PointNode.swift */ = {isa = PBXFileReference; lastKnownFileType = sourcecode.swift; path = PointNode.swift; sourceTree = "<group>"; };
		AB032F1A20A0A8760065E9EF /* VirtualObjectManager.swift */ = {isa = PBXFileReference; lastKnownFileType = sourcecode.swift; path = VirtualObjectManager.swift; sourceTree = "<group>"; };
		AB032F1D20A0A8FF0065E9EF /* Utilities.swift */ = {isa = PBXFileReference; lastKnownFileType = sourcecode.swift; path = Utilities.swift; sourceTree = "<group>"; };
		AB032F1F20A0A95A0065E9EF /* Plane.swift */ = {isa = PBXFileReference; lastKnownFileType = sourcecode.swift; path = Plane.swift; sourceTree = "<group>"; };
		AB032F2120A0A9970065E9EF /* FocusSquare.swift */ = {isa = PBXFileReference; lastKnownFileType = sourcecode.swift; path = FocusSquare.swift; sourceTree = "<group>"; };
		AB032F2320A0AA170065E9EF /* FocusSquareSegment.swift */ = {isa = PBXFileReference; lastKnownFileType = sourcecode.swift; path = FocusSquareSegment.swift; sourceTree = "<group>"; };
		AB032F2620A0ED4C0065E9EF /* TextManager.swift */ = {isa = PBXFileReference; lastKnownFileType = sourcecode.swift; path = TextManager.swift; sourceTree = "<group>"; };
		AB032F2920A1EABE0065E9EF /* ViewController+Actions.swift */ = {isa = PBXFileReference; lastKnownFileType = sourcecode.swift; path = "ViewController+Actions.swift"; sourceTree = "<group>"; };
		AB032F2B20A1EC5C0065E9EF /* sceneExtensions.swift */ = {isa = PBXFileReference; lastKnownFileType = sourcecode.swift; path = sceneExtensions.swift; sourceTree = "<group>"; };
		AB3F8A3520AA491400290CE0 /* InitialViewController.swift */ = {isa = PBXFileReference; lastKnownFileType = sourcecode.swift; path = InitialViewController.swift; sourceTree = "<group>"; };
		AB960F682085157100C9BC16 /* ARKit IMS351.app */ = {isa = PBXFileReference; explicitFileType = wrapper.application; includeInIndex = 0; path = "ARKit IMS351.app"; sourceTree = BUILT_PRODUCTS_DIR; };
		AB960F6B2085157100C9BC16 /* AppDelegate.swift */ = {isa = PBXFileReference; lastKnownFileType = sourcecode.swift; path = AppDelegate.swift; sourceTree = "<group>"; };
		AB960F6D2085157100C9BC16 /* art.scnassets */ = {isa = PBXFileReference; lastKnownFileType = wrapper.scnassets; path = art.scnassets; sourceTree = "<group>"; };
		AB960F6F2085157100C9BC16 /* ViewController.swift */ = {isa = PBXFileReference; lastKnownFileType = sourcecode.swift; path = ViewController.swift; sourceTree = "<group>"; };
		AB960F722085157100C9BC16 /* Base */ = {isa = PBXFileReference; lastKnownFileType = file.storyboard; name = Base; path = Base.lproj/Main.storyboard; sourceTree = "<group>"; };
		AB960F742085157300C9BC16 /* Assets.xcassets */ = {isa = PBXFileReference; lastKnownFileType = folder.assetcatalog; path = Assets.xcassets; sourceTree = "<group>"; };
		AB960F772085157300C9BC16 /* Base */ = {isa = PBXFileReference; lastKnownFileType = file.storyboard; name = Base; path = Base.lproj/LaunchScreen.storyboard; sourceTree = "<group>"; };
		AB960F792085157300C9BC16 /* Info.plist */ = {isa = PBXFileReference; lastKnownFileType = text.plist.xml; path = Info.plist; sourceTree = "<group>"; };
/* End PBXFileReference section */

/* Begin PBXFrameworksBuildPhase section */
		AB960F652085157100C9BC16 /* Frameworks */ = {
			isa = PBXFrameworksBuildPhase;
			buildActionMask = 2147483647;
			files = (
			);
			runOnlyForDeploymentPostprocessing = 0;
		};
/* End PBXFrameworksBuildPhase section */

/* Begin PBXGroup section */
		AB032F1920A0A7F20065E9EF /* AR-Required */ = {
			isa = PBXGroup;
			children = (
				AB032F1720A0A7DB0065E9EF /* PointNode.swift */,
				AB032F1A20A0A8760065E9EF /* VirtualObjectManager.swift */,
				AB032F1D20A0A8FF0065E9EF /* Utilities.swift */,
				AB032F1F20A0A95A0065E9EF /* Plane.swift */,
				AB032F2120A0A9970065E9EF /* FocusSquare.swift */,
				AB032F2320A0AA170065E9EF /* FocusSquareSegment.swift */,
				AB032F2620A0ED4C0065E9EF /* TextManager.swift */,
				AB032F2B20A1EC5C0065E9EF /* sceneExtensions.swift */,
			);
			path = "AR-Required";
			sourceTree = "<group>";
		};
		AB960F5F2085157100C9BC16 = {
			isa = PBXGroup;
			children = (
				AB960F6A2085157100C9BC16 /* ARKit IMS351 */,
				AB960F692085157100C9BC16 /* Products */,
				E027739C4DE2863099BD6737 /* Frameworks */,
			);
			sourceTree = "<group>";
		};
		AB960F692085157100C9BC16 /* Products */ = {
			isa = PBXGroup;
			children = (
				AB960F682085157100C9BC16 /* ARKit IMS351.app */,
			);
			name = Products;
			sourceTree = "<group>";
		};
		AB960F6A2085157100C9BC16 /* ARKit IMS351 */ = {
			isa = PBXGroup;
			children = (
				AB960F6B2085157100C9BC16 /* AppDelegate.swift */,
				AB3F8A3520AA491400290CE0 /* InitialViewController.swift */,
				AB960F6F2085157100C9BC16 /* ViewController.swift */,
				AB032F2920A1EABE0065E9EF /* ViewController+Actions.swift */,
				AB032F1920A0A7F20065E9EF /* AR-Required */,
				AB960F742085157300C9BC16 /* Assets.xcassets */,
				AB960F6D2085157100C9BC16 /* art.scnassets */,
				AB960F762085157300C9BC16 /* LaunchScreen.storyboard */,
				AB960F712085157100C9BC16 /* Main.storyboard */,
				AB960F792085157300C9BC16 /* Info.plist */,
			);
			path = "ARKit IMS351";
			sourceTree = "<group>";
		};
		E027739C4DE2863099BD6737 /* Frameworks */ = {
			isa = PBXGroup;
			children = (
			);
			name = Frameworks;
			sourceTree = "<group>";
		};
/* End PBXGroup section */

/* Begin PBXNativeTarget section */
		AB960F672085157100C9BC16 /* ARKit IMS351 */ = {
			isa = PBXNativeTarget;
			buildConfigurationList = AB960F7C2085157300C9BC16 /* Build configuration list for PBXNativeTarget "ARKit IMS351" */;
			buildPhases = (
				AB960F642085157100C9BC16 /* Sources */,
				AB960F652085157100C9BC16 /* Frameworks */,
				AB960F662085157100C9BC16 /* Resources */,
			);
			buildRules = (
			);
			dependencies = (
			);
			name = "ARKit IMS351";
			productName = "ARKit IMS351";
			productReference = AB960F682085157100C9BC16 /* ARKit IMS351.app */;
			productType = "com.apple.product-type.application";
		};
/* End PBXNativeTarget section */

/* Begin PBXProject section */
		AB960F602085157100C9BC16 /* Project object */ = {
			isa = PBXProject;
			attributes = {
				LastSwiftUpdateCheck = 0930;
				LastUpgradeCheck = 0930;
				ORGANIZATIONNAME = "Tommy Bojanin";
				TargetAttributes = {
					AB960F672085157100C9BC16 = {
						CreatedOnToolsVersion = 9.3;
					};
				};
			};
			buildConfigurationList = AB960F632085157100C9BC16 /* Build configuration list for PBXProject "ARKit IMS351" */;
			compatibilityVersion = "Xcode 9.3";
			developmentRegion = en;
			hasScannedForEncodings = 0;
			knownRegions = (
				en,
				Base,
			);
			mainGroup = AB960F5F2085157100C9BC16;
			productRefGroup = AB960F692085157100C9BC16 /* Products */;
			projectDirPath = "";
			projectRoot = "";
			targets = (
				AB960F672085157100C9BC16 /* ARKit IMS351 */,
			);
		};
/* End PBXProject section */

/* Begin PBXResourcesBuildPhase section */
		AB960F662085157100C9BC16 /* Resources */ = {
			isa = PBXResourcesBuildPhase;
			buildActionMask = 2147483647;
			files = (
				AB960F6E2085157100C9BC16 /* art.scnassets in Resources */,
				AB960F782085157300C9BC16 /* LaunchScreen.storyboard in Resources */,
				AB960F752085157300C9BC16 /* Assets.xcassets in Resources */,
				AB960F732085157100C9BC16 /* Main.storyboard in Resources */,
			);
			runOnlyForDeploymentPostprocessing = 0;
		};
/* End PBXResourcesBuildPhase section */

/* Begin PBXSourcesBuildPhase section */
		AB960F642085157100C9BC16 /* Sources */ = {
			isa = PBXSourcesBuildPhase;
			buildActionMask = 2147483647;
			files = (
				AB960F702085157100C9BC16 /* ViewController.swift in Sources */,
				AB032F2220A0A9970065E9EF /* FocusSquare.swift in Sources */,
				AB960F6C2085157100C9BC16 /* AppDelegate.swift in Sources */,
				AB3F8A3620AA491400290CE0 /* InitialViewController.swift in Sources */,
				AB032F1B20A0A8760065E9EF /* VirtualObjectManager.swift in Sources */,
				AB032F2C20A1EC5C0065E9EF /* sceneExtensions.swift in Sources */,
				AB032F1E20A0A8FF0065E9EF /* Utilities.swift in Sources */,
				AB032F2020A0A95A0065E9EF /* Plane.swift in Sources */,
				AB032F2A20A1EABE0065E9EF /* ViewController+Actions.swift in Sources */,
				AB032F1820A0A7DB0065E9EF /* PointNode.swift in Sources */,
				AB032F2420A0AA170065E9EF /* FocusSquareSegment.swift in Sources */,
				AB032F2720A0ED4C0065E9EF /* TextManager.swift in Sources */,
			);
			runOnlyForDeploymentPostprocessing = 0;
		};
/* End PBXSourcesBuildPhase section */

/* Begin PBXVariantGroup section */
		AB960F712085157100C9BC16 /* Main.storyboard */ = {
			isa = PBXVariantGroup;
			children = (
				AB960F722085157100C9BC16 /* Base */,
			);
			name = Main.storyboard;
			sourceTree = "<group>";
		};
		AB960F762085157300C9BC16 /* LaunchScreen.storyboard */ = {
			isa = PBXVariantGroup;
			children = (
				AB960F772085157300C9BC16 /* Base */,
			);
			name = LaunchScreen.storyboard;
			sourceTree = "<group>";
		};
/* End PBXVariantGroup section */

/* Begin XCBuildConfiguration section */
		AB960F7A2085157300C9BC16 /* Debug */ = {
			isa = XCBuildConfiguration;
			buildSettings = {
				ALWAYS_SEARCH_USER_PATHS = NO;
				CLANG_ANALYZER_NONNULL = YES;
				CLANG_ANALYZER_NUMBER_OBJECT_CONVERSION = YES_AGGRESSIVE;
				CLANG_CXX_LANGUAGE_STANDARD = "gnu++14";
				CLANG_CXX_LIBRARY = "libc++";
				CLANG_ENABLE_MODULES = YES;
				CLANG_ENABLE_OBJC_ARC = YES;
				CLANG_ENABLE_OBJC_WEAK = YES;
				CLANG_WARN_BLOCK_CAPTURE_AUTORELEASING = YES;
				CLANG_WARN_BOOL_CONVERSION = YES;
				CLANG_WARN_COMMA = YES;
				CLANG_WARN_CONSTANT_CONVERSION = YES;
				CLANG_WARN_DEPRECATED_OBJC_IMPLEMENTATIONS = YES;
				CLANG_WARN_DIRECT_OBJC_ISA_USAGE = YES_ERROR;
				CLANG_WARN_DOCUMENTATION_COMMENTS = YES;
				CLANG_WARN_EMPTY_BODY = YES;
				CLANG_WARN_ENUM_CONVERSION = YES;
				CLANG_WARN_INFINITE_RECURSION = YES;
				CLANG_WARN_INT_CONVERSION = YES;
				CLANG_WARN_NON_LITERAL_NULL_CONVERSION = YES;
				CLANG_WARN_OBJC_IMPLICIT_RETAIN_SELF = YES;
				CLANG_WARN_OBJC_LITERAL_CONVERSION = YES;
				CLANG_WARN_OBJC_ROOT_CLASS = YES_ERROR;
				CLANG_WARN_RANGE_LOOP_ANALYSIS = YES;
				CLANG_WARN_STRICT_PROTOTYPES = YES;
				CLANG_WARN_SUSPICIOUS_MOVE = YES;
				CLANG_WARN_UNGUARDED_AVAILABILITY = YES_AGGRESSIVE;
				CLANG_WARN_UNREACHABLE_CODE = YES;
				CLANG_WARN__DUPLICATE_METHOD_MATCH = YES;
				CODE_SIGN_IDENTITY = "iPhone Developer";
				COPY_PHASE_STRIP = NO;
				DEBUG_INFORMATION_FORMAT = dwarf;
				ENABLE_STRICT_OBJC_MSGSEND = YES;
				ENABLE_TESTABILITY = YES;
				GCC_C_LANGUAGE_STANDARD = gnu11;
				GCC_DYNAMIC_NO_PIC = NO;
				GCC_NO_COMMON_BLOCKS = YES;
				GCC_OPTIMIZATION_LEVEL = 0;
				GCC_PREPROCESSOR_DEFINITIONS = (
					"DEBUG=1",
					"$(inherited)",
				);
				GCC_WARN_64_TO_32_BIT_CONVERSION = YES;
				GCC_WARN_ABOUT_RETURN_TYPE = YES_ERROR;
				GCC_WARN_UNDECLARED_SELECTOR = YES;
				GCC_WARN_UNINITIALIZED_AUTOS = YES_AGGRESSIVE;
				GCC_WARN_UNUSED_FUNCTION = YES;
				GCC_WARN_UNUSED_VARIABLE = YES;
				IPHONEOS_DEPLOYMENT_TARGET = 11.3;
				MTL_ENABLE_DEBUG_INFO = YES;
				ONLY_ACTIVE_ARCH = YES;
				SDKROOT = iphoneos;
				SWIFT_ACTIVE_COMPILATION_CONDITIONS = DEBUG;
				SWIFT_OPTIMIZATION_LEVEL = "-Onone";
			};
			name = Debug;
		};
		AB960F7B2085157300C9BC16 /* Release */ = {
			isa = XCBuildConfiguration;
			buildSettings = {
				ALWAYS_SEARCH_USER_PATHS = NO;
				CLANG_ANALYZER_NONNULL = YES;
				CLANG_ANALYZER_NUMBER_OBJECT_CONVERSION = YES_AGGRESSIVE;
				CLANG_CXX_LANGUAGE_STANDARD = "gnu++14";
				CLANG_CXX_LIBRARY = "libc++";
				CLANG_ENABLE_MODULES = YES;
				CLANG_ENABLE_OBJC_ARC = YES;
				CLANG_ENABLE_OBJC_WEAK = YES;
				CLANG_WARN_BLOCK_CAPTURE_AUTORELEASING = YES;
				CLANG_WARN_BOOL_CONVERSION = YES;
				CLANG_WARN_COMMA = YES;
				CLANG_WARN_CONSTANT_CONVERSION = YES;
				CLANG_WARN_DEPRECATED_OBJC_IMPLEMENTATIONS = YES;
				CLANG_WARN_DIRECT_OBJC_ISA_USAGE = YES_ERROR;
				CLANG_WARN_DOCUMENTATION_COMMENTS = YES;
				CLANG_WARN_EMPTY_BODY = YES;
				CLANG_WARN_ENUM_CONVERSION = YES;
				CLANG_WARN_INFINITE_RECURSION = YES;
				CLANG_WARN_INT_CONVERSION = YES;
				CLANG_WARN_NON_LITERAL_NULL_CONVERSION = YES;
				CLANG_WARN_OBJC_IMPLICIT_RETAIN_SELF = YES;
				CLANG_WARN_OBJC_LITERAL_CONVERSION = YES;
				CLANG_WARN_OBJC_ROOT_CLASS = YES_ERROR;
				CLANG_WARN_RANGE_LOOP_ANALYSIS = YES;
				CLANG_WARN_STRICT_PROTOTYPES = YES;
				CLANG_WARN_SUSPICIOUS_MOVE = YES;
				CLANG_WARN_UNGUARDED_AVAILABILITY = YES_AGGRESSIVE;
				CLANG_WARN_UNREACHABLE_CODE = YES;
				CLANG_WARN__DUPLICATE_METHOD_MATCH = YES;
				CODE_SIGN_IDENTITY = "iPhone Developer";
				COPY_PHASE_STRIP = NO;
				DEBUG_INFORMATION_FORMAT = "dwarf-with-dsym";
				ENABLE_NS_ASSERTIONS = NO;
				ENABLE_STRICT_OBJC_MSGSEND = YES;
				GCC_C_LANGUAGE_STANDARD = gnu11;
				GCC_NO_COMMON_BLOCKS = YES;
				GCC_WARN_64_TO_32_BIT_CONVERSION = YES;
				GCC_WARN_ABOUT_RETURN_TYPE = YES_ERROR;
				GCC_WARN_UNDECLARED_SELECTOR = YES;
				GCC_WARN_UNINITIALIZED_AUTOS = YES_AGGRESSIVE;
				GCC_WARN_UNUSED_FUNCTION = YES;
				GCC_WARN_UNUSED_VARIABLE = YES;
				IPHONEOS_DEPLOYMENT_TARGET = 11.3;
				MTL_ENABLE_DEBUG_INFO = NO;
				SDKROOT = iphoneos;
				SWIFT_COMPILATION_MODE = wholemodule;
				SWIFT_OPTIMIZATION_LEVEL = "-O";
				VALIDATE_PRODUCT = YES;
			};
			name = Release;
		};
		AB960F7D2085157300C9BC16 /* Debug */ = {
			isa = XCBuildConfiguration;
			buildSettings = {
				ASSETCATALOG_COMPILER_APPICON_NAME = AppIcon;
				CODE_SIGN_STYLE = Automatic;
				DEVELOPMENT_TEAM = E3G5SAS68Z;
				INFOPLIST_FILE = "ARKit IMS351/Info.plist";
				LD_RUNPATH_SEARCH_PATHS = (
					"$(inherited)",
					"@executable_path/Frameworks",
				);
				PRODUCT_BUNDLE_IDENTIFIER = "com.bojanint.AR-AB.ARKit-IMS351";
				PRODUCT_NAME = "$(TARGET_NAME)";
				SWIFT_VERSION = 4.0;
				TARGETED_DEVICE_FAMILY = "1,2";
			};
			name = Debug;
		};
		AB960F7E2085157300C9BC16 /* Release */ = {
			isa = XCBuildConfiguration;
			buildSettings = {
				ASSETCATALOG_COMPILER_APPICON_NAME = AppIcon;
				CODE_SIGN_STYLE = Automatic;
				DEVELOPMENT_TEAM = E3G5SAS68Z;
				INFOPLIST_FILE = "ARKit IMS351/Info.plist";
				LD_RUNPATH_SEARCH_PATHS = (
					"$(inherited)",
					"@executable_path/Frameworks",
				);
				PRODUCT_BUNDLE_IDENTIFIER = "com.bojanint.AR-AB.ARKit-IMS351";
				PRODUCT_NAME = "$(TARGET_NAME)";
				SWIFT_VERSION = 4.0;
				TARGETED_DEVICE_FAMILY = "1,2";
			};
			name = Release;
		};
/* End XCBuildConfiguration section */

/* Begin XCConfigurationList section */
		AB960F632085157100C9BC16 /* Build configuration list for PBXProject "ARKit IMS351" */ = {
			isa = XCConfigurationList;
			buildConfigurations = (
				AB960F7A2085157300C9BC16 /* Debug */,
				AB960F7B2085157300C9BC16 /* Release */,
			);
			defaultConfigurationIsVisible = 0;
			defaultConfigurationName = Release;
		};
		AB960F7C2085157300C9BC16 /* Build configuration list for PBXNativeTarget "ARKit IMS351" */ = {
			isa = XCConfigurationList;
			buildConfigurations = (
				AB960F7D2085157300C9BC16 /* Debug */,
				AB960F7E2085157300C9BC16 /* Release */,
			);
			defaultConfigurationIsVisible = 0;
			defaultConfigurationName = Release;
		};
/* End XCConfigurationList section */
	};
	rootObject = AB960F602085157100C9BC16 /* Project object */;
}
