// !$*UTF8*$!
{
	archiveVersion = 1;
	classes = {
	};
	objectVersion = 48;
	objects = {

/* Begin PBXBuildFile section */
		AB9A7477202CA11200666FDB /* AppDelegate.swift in Sources */ = {isa = PBXBuildFile; fileRef = AB9A7476202CA11200666FDB /* AppDelegate.swift */; };
		AB9A7479202CA11200666FDB /* ViewController.swift in Sources */ = {isa = PBXBuildFile; fileRef = AB9A7478202CA11200666FDB /* ViewController.swift */; };
		AB9A747C202CA11200666FDB /* Main.storyboard in Resources */ = {isa = PBXBuildFile; fileRef = AB9A747A202CA11200666FDB /* Main.storyboard */; };
		AB9A747F202CA11200666FDB /* in_class_dice_game.xcdatamodeld in Sources */ = {isa = PBXBuildFile; fileRef = AB9A747D202CA11200666FDB /* in_class_dice_game.xcdatamodeld */; };
		AB9A7481202CA11200666FDB /* Assets.xcassets in Resources */ = {isa = PBXBuildFile; fileRef = AB9A7480202CA11200666FDB /* Assets.xcassets */; };
		AB9A7484202CA11200666FDB /* LaunchScreen.storyboard in Resources */ = {isa = PBXBuildFile; fileRef = AB9A7482202CA11200666FDB /* LaunchScreen.storyboard */; };
/* End PBXBuildFile section */

/* Begin PBXFileReference section */
		AB9A7473202CA11200666FDB /* in class dice game.app */ = {isa = PBXFileReference; explicitFileType = wrapper.application; includeInIndex = 0; path = "in class dice game.app"; sourceTree = BUILT_PRODUCTS_DIR; };
		AB9A7476202CA11200666FDB /* AppDelegate.swift */ = {isa = PBXFileReference; lastKnownFileType = sourcecode.swift; path = AppDelegate.swift; sourceTree = "<group>"; };
		AB9A7478202CA11200666FDB /* ViewController.swift */ = {isa = PBXFileReference; lastKnownFileType = sourcecode.swift; path = ViewController.swift; sourceTree = "<group>"; };
		AB9A747B202CA11200666FDB /* Base */ = {isa = PBXFileReference; lastKnownFileType = file.storyboard; name = Base; path = Base.lproj/Main.storyboard; sourceTree = "<group>"; };
		AB9A747E202CA11200666FDB /* in_class_dice_game.xcdatamodel */ = {isa = PBXFileReference; lastKnownFileType = wrapper.xcdatamodel; path = in_class_dice_game.xcdatamodel; sourceTree = "<group>"; };
		AB9A7480202CA11200666FDB /* Assets.xcassets */ = {isa = PBXFileReference; lastKnownFileType = folder.assetcatalog; path = Assets.xcassets; sourceTree = "<group>"; };
		AB9A7483202CA11200666FDB /* Base */ = {isa = PBXFileReference; lastKnownFileType = file.storyboard; name = Base; path = Base.lproj/LaunchScreen.storyboard; sourceTree = "<group>"; };
		AB9A7485202CA11200666FDB /* Info.plist */ = {isa = PBXFileReference; lastKnownFileType = text.plist.xml; path = Info.plist; sourceTree = "<group>"; };
/* End PBXFileReference section */

/* Begin PBXFrameworksBuildPhase section */
		AB9A7470202CA11200666FDB /* Frameworks */ = {
			isa = PBXFrameworksBuildPhase;
			buildActionMask = 2147483647;
			files = (
			);
			runOnlyForDeploymentPostprocessing = 0;
		};
/* End PBXFrameworksBuildPhase section */

/* Begin PBXGroup section */
		AB9A746A202CA11200666FDB = {
			isa = PBXGroup;
			children = (
				AB9A7475202CA11200666FDB /* in class dice game */,
				AB9A7474202CA11200666FDB /* Products */,
			);
			sourceTree = "<group>";
		};
		AB9A7474202CA11200666FDB /* Products */ = {
			isa = PBXGroup;
			children = (
				AB9A7473202CA11200666FDB /* in class dice game.app */,
			);
			name = Products;
			sourceTree = "<group>";
		};
		AB9A7475202CA11200666FDB /* in class dice game */ = {
			isa = PBXGroup;
			children = (
				AB9A7476202CA11200666FDB /* AppDelegate.swift */,
				AB9A7478202CA11200666FDB /* ViewController.swift */,
				AB9A747A202CA11200666FDB /* Main.storyboard */,
				AB9A7480202CA11200666FDB /* Assets.xcassets */,
				AB9A7482202CA11200666FDB /* LaunchScreen.storyboard */,
				AB9A7485202CA11200666FDB /* Info.plist */,
				AB9A747D202CA11200666FDB /* in_class_dice_game.xcdatamodeld */,
			);
			path = "in class dice game";
			sourceTree = "<group>";
		};
/* End PBXGroup section */

/* Begin PBXNativeTarget section */
		AB9A7472202CA11200666FDB /* in class dice game */ = {
			isa = PBXNativeTarget;
			buildConfigurationList = AB9A7488202CA11200666FDB /* Build configuration list for PBXNativeTarget "in class dice game" */;
			buildPhases = (
				AB9A746F202CA11200666FDB /* Sources */,
				AB9A7470202CA11200666FDB /* Frameworks */,
				AB9A7471202CA11200666FDB /* Resources */,
			);
			buildRules = (
			);
			dependencies = (
			);
			name = "in class dice game";
			productName = "in class dice game";
			productReference = AB9A7473202CA11200666FDB /* in class dice game.app */;
			productType = "com.apple.product-type.application";
		};
/* End PBXNativeTarget section */

/* Begin PBXProject section */
		AB9A746B202CA11200666FDB /* Project object */ = {
			isa = PBXProject;
			attributes = {
				LastSwiftUpdateCheck = 0920;
				LastUpgradeCheck = 0920;
				ORGANIZATIONNAME = "Tommy Bojanin";
				TargetAttributes = {
					AB9A7472202CA11200666FDB = {
						CreatedOnToolsVersion = 9.2;
						ProvisioningStyle = Automatic;
					};
				};
			};
			buildConfigurationList = AB9A746E202CA11200666FDB /* Build configuration list for PBXProject "in class dice game" */;
			compatibilityVersion = "Xcode 8.0";
			developmentRegion = en;
			hasScannedForEncodings = 0;
			knownRegions = (
				en,
				Base,
			);
			mainGroup = AB9A746A202CA11200666FDB;
			productRefGroup = AB9A7474202CA11200666FDB /* Products */;
			projectDirPath = "";
			projectRoot = "";
			targets = (
				AB9A7472202CA11200666FDB /* in class dice game */,
			);
		};
/* End PBXProject section */

/* Begin PBXResourcesBuildPhase section */
		AB9A7471202CA11200666FDB /* Resources */ = {
			isa = PBXResourcesBuildPhase;
			buildActionMask = 2147483647;
			files = (
				AB9A7484202CA11200666FDB /* LaunchScreen.storyboard in Resources */,
				AB9A7481202CA11200666FDB /* Assets.xcassets in Resources */,
				AB9A747C202CA11200666FDB /* Main.storyboard in Resources */,
			);
			runOnlyForDeploymentPostprocessing = 0;
		};
/* End PBXResourcesBuildPhase section */

/* Begin PBXSourcesBuildPhase section */
		AB9A746F202CA11200666FDB /* Sources */ = {
			isa = PBXSourcesBuildPhase;
			buildActionMask = 2147483647;
			files = (
				AB9A7479202CA11200666FDB /* ViewController.swift in Sources */,
				AB9A747F202CA11200666FDB /* in_class_dice_game.xcdatamodeld in Sources */,
				AB9A7477202CA11200666FDB /* AppDelegate.swift in Sources */,
			);
			runOnlyForDeploymentPostprocessing = 0;
		};
/* End PBXSourcesBuildPhase section */

/* Begin PBXVariantGroup section */
		AB9A747A202CA11200666FDB /* Main.storyboard */ = {
			isa = PBXVariantGroup;
			children = (
				AB9A747B202CA11200666FDB /* Base */,
			);
			name = Main.storyboard;
			sourceTree = "<group>";
		};
		AB9A7482202CA11200666FDB /* LaunchScreen.storyboard */ = {
			isa = PBXVariantGroup;
			children = (
				AB9A7483202CA11200666FDB /* Base */,
			);
			name = LaunchScreen.storyboard;
			sourceTree = "<group>";
		};
/* End PBXVariantGroup section */

/* Begin XCBuildConfiguration section */
		AB9A7486202CA11200666FDB /* Debug */ = {
			isa = XCBuildConfiguration;
			buildSettings = {
				ALWAYS_SEARCH_USER_PATHS = NO;
				CLANG_ANALYZER_NONNULL = YES;
				CLANG_ANALYZER_NUMBER_OBJECT_CONVERSION = YES_AGGRESSIVE;
				CLANG_CXX_LANGUAGE_STANDARD = "gnu++14";
				CLANG_CXX_LIBRARY = "libc++";
				CLANG_ENABLE_MODULES = YES;
				CLANG_ENABLE_OBJC_ARC = YES;
				CLANG_WARN_BLOCK_CAPTURE_AUTORELEASING = YES;
				CLANG_WARN_BOOL_CONVERSION = YES;
				CLANG_WARN_COMMA = YES;
				CLANG_WARN_CONSTANT_CONVERSION = YES;
				CLANG_WARN_DIRECT_OBJC_ISA_USAGE = YES_ERROR;
				CLANG_WARN_DOCUMENTATION_COMMENTS = YES;
				CLANG_WARN_EMPTY_BODY = YES;
				CLANG_WARN_ENUM_CONVERSION = YES;
				CLANG_WARN_INFINITE_RECURSION = YES;
				CLANG_WARN_INT_CONVERSION = YES;
				CLANG_WARN_NON_LITERAL_NULL_CONVERSION = YES;
				CLANG_WARN_OBJC_LITERAL_CONVERSION = YES;
				CLANG_WARN_OBJC_ROOT_CLASS = YES_ERROR;
				CLANG_WARN_RANGE_LOOP_ANALYSIS = YES;
				CLANG_WARN_STRICT_PROTOTYPES = YES;
				CLANG_WARN_SUSPICIOUS_MOVE = YES;
				CLANG_WARN_UNGUARDED_AVAILABILITY = YES_AGGRESSIVE;
				CLANG_WARN_UNREACHABLE_CODE = YES;
				CLANG_WARN__DUPLICATE_METHOD_MATCH = YES;
				CODE_SIGN_IDENTITY = "iPhone Developer";
				COPY_PHASE_STRIP = NO;
				DEBUG_INFORMATION_FORMAT = dwarf;
				ENABLE_STRICT_OBJC_MSGSEND = YES;
				ENABLE_TESTABILITY = YES;
				GCC_C_LANGUAGE_STANDARD = gnu11;
				GCC_DYNAMIC_NO_PIC = NO;
				GCC_NO_COMMON_BLOCKS = YES;
				GCC_OPTIMIZATION_LEVEL = 0;
				GCC_PREPROCESSOR_DEFINITIONS = (
					"DEBUG=1",
					"$(inherited)",
				);
				GCC_WARN_64_TO_32_BIT_CONVERSION = YES;
				GCC_WARN_ABOUT_RETURN_TYPE = YES_ERROR;
				GCC_WARN_UNDECLARED_SELECTOR = YES;
				GCC_WARN_UNINITIALIZED_AUTOS = YES_AGGRESSIVE;
				GCC_WARN_UNUSED_FUNCTION = YES;
				GCC_WARN_UNUSED_VARIABLE = YES;
				IPHONEOS_DEPLOYMENT_TARGET = 11.2;
				MTL_ENABLE_DEBUG_INFO = YES;
				ONLY_ACTIVE_ARCH = YES;
				SDKROOT = iphoneos;
				SWIFT_ACTIVE_COMPILATION_CONDITIONS = DEBUG;
				SWIFT_OPTIMIZATION_LEVEL = "-Onone";
			};
			name = Debug;
		};
		AB9A7487202CA11200666FDB /* Release */ = {
			isa = XCBuildConfiguration;
			buildSettings = {
				ALWAYS_SEARCH_USER_PATHS = NO;
				CLANG_ANALYZER_NONNULL = YES;
				CLANG_ANALYZER_NUMBER_OBJECT_CONVERSION = YES_AGGRESSIVE;
				CLANG_CXX_LANGUAGE_STANDARD = "gnu++14";
				CLANG_CXX_LIBRARY = "libc++";
				CLANG_ENABLE_MODULES = YES;
				CLANG_ENABLE_OBJC_ARC = YES;
				CLANG_WARN_BLOCK_CAPTURE_AUTORELEASING = YES;
				CLANG_WARN_BOOL_CONVERSION = YES;
				CLANG_WARN_COMMA = YES;
				CLANG_WARN_CONSTANT_CONVERSION = YES;
				CLANG_WARN_DIRECT_OBJC_ISA_USAGE = YES_ERROR;
				CLANG_WARN_DOCUMENTATION_COMMENTS = YES;
				CLANG_WARN_EMPTY_BODY = YES;
				CLANG_WARN_ENUM_CONVERSION = YES;
				CLANG_WARN_INFINITE_RECURSION = YES;
				CLANG_WARN_INT_CONVERSION = YES;
				CLANG_WARN_NON_LITERAL_NULL_CONVERSION = YES;
				CLANG_WARN_OBJC_LITERAL_CONVERSION = YES;
				CLANG_WARN_OBJC_ROOT_CLASS = YES_ERROR;
				CLANG_WARN_RANGE_LOOP_ANALYSIS = YES;
				CLANG_WARN_STRICT_PROTOTYPES = YES;
				CLANG_WARN_SUSPICIOUS_MOVE = YES;
				CLANG_WARN_UNGUARDED_AVAILABILITY = YES_AGGRESSIVE;
				CLANG_WARN_UNREACHABLE_CODE = YES;
				CLANG_WARN__DUPLICATE_METHOD_MATCH = YES;
				CODE_SIGN_IDENTITY = "iPhone Developer";
				COPY_PHASE_STRIP = NO;
				DEBUG_INFORMATION_FORMAT = "dwarf-with-dsym";
				ENABLE_NS_ASSERTIONS = NO;
				ENABLE_STRICT_OBJC_MSGSEND = YES;
				GCC_C_LANGUAGE_STANDARD = gnu11;
				GCC_NO_COMMON_BLOCKS = YES;
				GCC_WARN_64_TO_32_BIT_CONVERSION = YES;
				GCC_WARN_ABOUT_RETURN_TYPE = YES_ERROR;
				GCC_WARN_UNDECLARED_SELECTOR = YES;
				GCC_WARN_UNINITIALIZED_AUTOS = YES_AGGRESSIVE;
				GCC_WARN_UNUSED_FUNCTION = YES;
				GCC_WARN_UNUSED_VARIABLE = YES;
				IPHONEOS_DEPLOYMENT_TARGET = 11.2;
				MTL_ENABLE_DEBUG_INFO = NO;
				SDKROOT = iphoneos;
				SWIFT_OPTIMIZATION_LEVEL = "-Owholemodule";
				VALIDATE_PRODUCT = YES;
			};
			name = Release;
		};
		AB9A7489202CA11200666FDB /* Debug */ = {
			isa = XCBuildConfiguration;
			buildSettings = {
				ASSETCATALOG_COMPILER_APPICON_NAME = AppIcon;
				CODE_SIGN_STYLE = Automatic;
				DEVELOPMENT_TEAM = E3G5SAS68Z;
				INFOPLIST_FILE = "in class dice game/Info.plist";
				LD_RUNPATH_SEARCH_PATHS = "$(inherited) @executable_path/Frameworks";
				PRODUCT_BUNDLE_IDENTIFIER = "com.bojanint.in-class-dice-game";
				PRODUCT_NAME = "$(TARGET_NAME)";
				SWIFT_VERSION = 4.0;
				TARGETED_DEVICE_FAMILY = "1,2";
			};
			name = Debug;
		};
		AB9A748A202CA11200666FDB /* Release */ = {
			isa = XCBuildConfiguration;
			buildSettings = {
				ASSETCATALOG_COMPILER_APPICON_NAME = AppIcon;
				CODE_SIGN_STYLE = Automatic;
				DEVELOPMENT_TEAM = E3G5SAS68Z;
				INFOPLIST_FILE = "in class dice game/Info.plist";
				LD_RUNPATH_SEARCH_PATHS = "$(inherited) @executable_path/Frameworks";
				PRODUCT_BUNDLE_IDENTIFIER = "com.bojanint.in-class-dice-game";
				PRODUCT_NAME = "$(TARGET_NAME)";
				SWIFT_VERSION = 4.0;
				TARGETED_DEVICE_FAMILY = "1,2";
			};
			name = Release;
		};
/* End XCBuildConfiguration section */

/* Begin XCConfigurationList section */
		AB9A746E202CA11200666FDB /* Build configuration list for PBXProject "in class dice game" */ = {
			isa = XCConfigurationList;
			buildConfigurations = (
				AB9A7486202CA11200666FDB /* Debug */,
				AB9A7487202CA11200666FDB /* Release */,
			);
			defaultConfigurationIsVisible = 0;
			defaultConfigurationName = Release;
		};
		AB9A7488202CA11200666FDB /* Build configuration list for PBXNativeTarget "in class dice game" */ = {
			isa = XCConfigurationList;
			buildConfigurations = (
				AB9A7489202CA11200666FDB /* Debug */,
				AB9A748A202CA11200666FDB /* Release */,
			);
			defaultConfigurationIsVisible = 0;
			defaultConfigurationName = Release;
		};
/* End XCConfigurationList section */

/* Begin XCVersionGroup section */
		AB9A747D202CA11200666FDB /* in_class_dice_game.xcdatamodeld */ = {
			isa = XCVersionGroup;
			children = (
				AB9A747E202CA11200666FDB /* in_class_dice_game.xcdatamodel */,
			);
			currentVersion = AB9A747E202CA11200666FDB /* in_class_dice_game.xcdatamodel */;
			path = in_class_dice_game.xcdatamodeld;
			sourceTree = "<group>";
			versionGroupType = wrapper.xcdatamodel;
		};
/* End XCVersionGroup section */
	};
	rootObject = AB9A746B202CA11200666FDB /* Project object */;
}
