// !$*UTF8*$!
{
	archiveVersion = 1;
	classes = {
	};
	objectVersion = 48;
	objects = {

/* Begin PBXBuildFile section */
		ABCB733A2023687D0065FBAC /* AppDelegate.swift in Sources */ = {isa = PBXBuildFile; fileRef = ABCB73392023687D0065FBAC /* AppDelegate.swift */; };
		ABCB733C2023687D0065FBAC /* ViewController.swift in Sources */ = {isa = PBXBuildFile; fileRef = ABCB733B2023687D0065FBAC /* ViewController.swift */; };
		ABCB733F2023687D0065FBAC /* Main.storyboard in Resources */ = {isa = PBXBuildFile; fileRef = ABCB733D2023687D0065FBAC /* Main.storyboard */; };
		ABCB73422023687D0065FBAC /* Animal_Age_Calculator.xcdatamodeld in Sources */ = {isa = PBXBuildFile; fileRef = ABCB73402023687D0065FBAC /* Animal_Age_Calculator.xcdatamodeld */; };
		ABCB73442023687D0065FBAC /* Assets.xcassets in Resources */ = {isa = PBXBuildFile; fileRef = ABCB73432023687D0065FBAC /* Assets.xcassets */; };
		ABCB73472023687D0065FBAC /* LaunchScreen.storyboard in Resources */ = {isa = PBXBuildFile; fileRef = ABCB73452023687D0065FBAC /* LaunchScreen.storyboard */; };
/* End PBXBuildFile section */

/* Begin PBXFileReference section */
		ABCB73362023687D0065FBAC /* Animal Age Calculator.app */ = {isa = PBXFileReference; explicitFileType = wrapper.application; includeInIndex = 0; path = "Animal Age Calculator.app"; sourceTree = BUILT_PRODUCTS_DIR; };
		ABCB73392023687D0065FBAC /* AppDelegate.swift */ = {isa = PBXFileReference; lastKnownFileType = sourcecode.swift; path = AppDelegate.swift; sourceTree = "<group>"; };
		ABCB733B2023687D0065FBAC /* ViewController.swift */ = {isa = PBXFileReference; lastKnownFileType = sourcecode.swift; path = ViewController.swift; sourceTree = "<group>"; };
		ABCB733E2023687D0065FBAC /* Base */ = {isa = PBXFileReference; lastKnownFileType = file.storyboard; name = Base; path = Base.lproj/Main.storyboard; sourceTree = "<group>"; };
		ABCB73412023687D0065FBAC /* Animal_Age_Calculator.xcdatamodel */ = {isa = PBXFileReference; lastKnownFileType = wrapper.xcdatamodel; path = Animal_Age_Calculator.xcdatamodel; sourceTree = "<group>"; };
		ABCB73432023687D0065FBAC /* Assets.xcassets */ = {isa = PBXFileReference; lastKnownFileType = folder.assetcatalog; path = Assets.xcassets; sourceTree = "<group>"; };
		ABCB73462023687D0065FBAC /* Base */ = {isa = PBXFileReference; lastKnownFileType = file.storyboard; name = Base; path = Base.lproj/LaunchScreen.storyboard; sourceTree = "<group>"; };
		ABCB73482023687D0065FBAC /* Info.plist */ = {isa = PBXFileReference; lastKnownFileType = text.plist.xml; path = Info.plist; sourceTree = "<group>"; };
/* End PBXFileReference section */

/* Begin PBXFrameworksBuildPhase section */
		ABCB73332023687D0065FBAC /* Frameworks */ = {
			isa = PBXFrameworksBuildPhase;
			buildActionMask = 2147483647;
			files = (
			);
			runOnlyForDeploymentPostprocessing = 0;
		};
/* End PBXFrameworksBuildPhase section */

/* Begin PBXGroup section */
		ABCB732D2023687D0065FBAC = {
			isa = PBXGroup;
			children = (
				ABCB73382023687D0065FBAC /* Animal Age Calculator */,
				ABCB73372023687D0065FBAC /* Products */,
			);
			sourceTree = "<group>";
		};
		ABCB73372023687D0065FBAC /* Products */ = {
			isa = PBXGroup;
			children = (
				ABCB73362023687D0065FBAC /* Animal Age Calculator.app */,
			);
			name = Products;
			sourceTree = "<group>";
		};
		ABCB73382023687D0065FBAC /* Animal Age Calculator */ = {
			isa = PBXGroup;
			children = (
				ABCB73392023687D0065FBAC /* AppDelegate.swift */,
				ABCB733B2023687D0065FBAC /* ViewController.swift */,
				ABCB733D2023687D0065FBAC /* Main.storyboard */,
				ABCB73432023687D0065FBAC /* Assets.xcassets */,
				ABCB73452023687D0065FBAC /* LaunchScreen.storyboard */,
				ABCB73482023687D0065FBAC /* Info.plist */,
				ABCB73402023687D0065FBAC /* Animal_Age_Calculator.xcdatamodeld */,
			);
			path = "Animal Age Calculator";
			sourceTree = "<group>";
		};
/* End PBXGroup section */

/* Begin PBXNativeTarget section */
		ABCB73352023687D0065FBAC /* Animal Age Calculator */ = {
			isa = PBXNativeTarget;
			buildConfigurationList = ABCB734B2023687D0065FBAC /* Build configuration list for PBXNativeTarget "Animal Age Calculator" */;
			buildPhases = (
				ABCB73322023687D0065FBAC /* Sources */,
				ABCB73332023687D0065FBAC /* Frameworks */,
				ABCB73342023687D0065FBAC /* Resources */,
			);
			buildRules = (
			);
			dependencies = (
			);
			name = "Animal Age Calculator";
			productName = "Animal Age Calculator";
			productReference = ABCB73362023687D0065FBAC /* Animal Age Calculator.app */;
			productType = "com.apple.product-type.application";
		};
/* End PBXNativeTarget section */

/* Begin PBXProject section */
		ABCB732E2023687D0065FBAC /* Project object */ = {
			isa = PBXProject;
			attributes = {
				LastSwiftUpdateCheck = 0920;
				LastUpgradeCheck = 0920;
				ORGANIZATIONNAME = "Tommy Bojanin";
				TargetAttributes = {
					ABCB73352023687D0065FBAC = {
						CreatedOnToolsVersion = 9.2;
						ProvisioningStyle = Automatic;
					};
				};
			};
			buildConfigurationList = ABCB73312023687D0065FBAC /* Build configuration list for PBXProject "Animal Age Calculator" */;
			compatibilityVersion = "Xcode 8.0";
			developmentRegion = en;
			hasScannedForEncodings = 0;
			knownRegions = (
				en,
				Base,
			);
			mainGroup = ABCB732D2023687D0065FBAC;
			productRefGroup = ABCB73372023687D0065FBAC /* Products */;
			projectDirPath = "";
			projectRoot = "";
			targets = (
				ABCB73352023687D0065FBAC /* Animal Age Calculator */,
			);
		};
/* End PBXProject section */

/* Begin PBXResourcesBuildPhase section */
		ABCB73342023687D0065FBAC /* Resources */ = {
			isa = PBXResourcesBuildPhase;
			buildActionMask = 2147483647;
			files = (
				ABCB73472023687D0065FBAC /* LaunchScreen.storyboard in Resources */,
				ABCB73442023687D0065FBAC /* Assets.xcassets in Resources */,
				ABCB733F2023687D0065FBAC /* Main.storyboard in Resources */,
			);
			runOnlyForDeploymentPostprocessing = 0;
		};
/* End PBXResourcesBuildPhase section */

/* Begin PBXSourcesBuildPhase section */
		ABCB73322023687D0065FBAC /* Sources */ = {
			isa = PBXSourcesBuildPhase;
			buildActionMask = 2147483647;
			files = (
				ABCB733C2023687D0065FBAC /* ViewController.swift in Sources */,
				ABCB73422023687D0065FBAC /* Animal_Age_Calculator.xcdatamodeld in Sources */,
				ABCB733A2023687D0065FBAC /* AppDelegate.swift in Sources */,
			);
			runOnlyForDeploymentPostprocessing = 0;
		};
/* End PBXSourcesBuildPhase section */

/* Begin PBXVariantGroup section */
		ABCB733D2023687D0065FBAC /* Main.storyboard */ = {
			isa = PBXVariantGroup;
			children = (
				ABCB733E2023687D0065FBAC /* Base */,
			);
			name = Main.storyboard;
			sourceTree = "<group>";
		};
		ABCB73452023687D0065FBAC /* LaunchScreen.storyboard */ = {
			isa = PBXVariantGroup;
			children = (
				ABCB73462023687D0065FBAC /* Base */,
			);
			name = LaunchScreen.storyboard;
			sourceTree = "<group>";
		};
/* End PBXVariantGroup section */

/* Begin XCBuildConfiguration section */
		ABCB73492023687D0065FBAC /* Debug */ = {
			isa = XCBuildConfiguration;
			buildSettings = {
				ALWAYS_SEARCH_USER_PATHS = NO;
				CLANG_ANALYZER_NONNULL = YES;
				CLANG_ANALYZER_NUMBER_OBJECT_CONVERSION = YES_AGGRESSIVE;
				CLANG_CXX_LANGUAGE_STANDARD = "gnu++14";
				CLANG_CXX_LIBRARY = "libc++";
				CLANG_ENABLE_MODULES = YES;
				CLANG_ENABLE_OBJC_ARC = YES;
				CLANG_WARN_BLOCK_CAPTURE_AUTORELEASING = YES;
				CLANG_WARN_BOOL_CONVERSION = YES;
				CLANG_WARN_COMMA = YES;
				CLANG_WARN_CONSTANT_CONVERSION = YES;
				CLANG_WARN_DIRECT_OBJC_ISA_USAGE = YES_ERROR;
				CLANG_WARN_DOCUMENTATION_COMMENTS = YES;
				CLANG_WARN_EMPTY_BODY = YES;
				CLANG_WARN_ENUM_CONVERSION = YES;
				CLANG_WARN_INFINITE_RECURSION = YES;
				CLANG_WARN_INT_CONVERSION = YES;
				CLANG_WARN_NON_LITERAL_NULL_CONVERSION = YES;
				CLANG_WARN_OBJC_LITERAL_CONVERSION = YES;
				CLANG_WARN_OBJC_ROOT_CLASS = YES_ERROR;
				CLANG_WARN_RANGE_LOOP_ANALYSIS = YES;
				CLANG_WARN_STRICT_PROTOTYPES = YES;
				CLANG_WARN_SUSPICIOUS_MOVE = YES;
				CLANG_WARN_UNGUARDED_AVAILABILITY = YES_AGGRESSIVE;
				CLANG_WARN_UNREACHABLE_CODE = YES;
				CLANG_WARN__DUPLICATE_METHOD_MATCH = YES;
				CODE_SIGN_IDENTITY = "iPhone Developer";
				COPY_PHASE_STRIP = NO;
				DEBUG_INFORMATION_FORMAT = dwarf;
				ENABLE_STRICT_OBJC_MSGSEND = YES;
				ENABLE_TESTABILITY = YES;
				GCC_C_LANGUAGE_STANDARD = gnu11;
				GCC_DYNAMIC_NO_PIC = NO;
				GCC_NO_COMMON_BLOCKS = YES;
				GCC_OPTIMIZATION_LEVEL = 0;
				GCC_PREPROCESSOR_DEFINITIONS = (
					"DEBUG=1",
					"$(inherited)",
				);
				GCC_WARN_64_TO_32_BIT_CONVERSION = YES;
				GCC_WARN_ABOUT_RETURN_TYPE = YES_ERROR;
				GCC_WARN_UNDECLARED_SELECTOR = YES;
				GCC_WARN_UNINITIALIZED_AUTOS = YES_AGGRESSIVE;
				GCC_WARN_UNUSED_FUNCTION = YES;
				GCC_WARN_UNUSED_VARIABLE = YES;
				IPHONEOS_DEPLOYMENT_TARGET = 11.2;
				MTL_ENABLE_DEBUG_INFO = YES;
				ONLY_ACTIVE_ARCH = YES;
				SDKROOT = iphoneos;
				SWIFT_ACTIVE_COMPILATION_CONDITIONS = DEBUG;
				SWIFT_OPTIMIZATION_LEVEL = "-Onone";
			};
			name = Debug;
		};
		ABCB734A2023687D0065FBAC /* Release */ = {
			isa = XCBuildConfiguration;
			buildSettings = {
				ALWAYS_SEARCH_USER_PATHS = NO;
				CLANG_ANALYZER_NONNULL = YES;
				CLANG_ANALYZER_NUMBER_OBJECT_CONVERSION = YES_AGGRESSIVE;
				CLANG_CXX_LANGUAGE_STANDARD = "gnu++14";
				CLANG_CXX_LIBRARY = "libc++";
				CLANG_ENABLE_MODULES = YES;
				CLANG_ENABLE_OBJC_ARC = YES;
				CLANG_WARN_BLOCK_CAPTURE_AUTORELEASING = YES;
				CLANG_WARN_BOOL_CONVERSION = YES;
				CLANG_WARN_COMMA = YES;
				CLANG_WARN_CONSTANT_CONVERSION = YES;
				CLANG_WARN_DIRECT_OBJC_ISA_USAGE = YES_ERROR;
				CLANG_WARN_DOCUMENTATION_COMMENTS = YES;
				CLANG_WARN_EMPTY_BODY = YES;
				CLANG_WARN_ENUM_CONVERSION = YES;
				CLANG_WARN_INFINITE_RECURSION = YES;
				CLANG_WARN_INT_CONVERSION = YES;
				CLANG_WARN_NON_LITERAL_NULL_CONVERSION = YES;
				CLANG_WARN_OBJC_LITERAL_CONVERSION = YES;
				CLANG_WARN_OBJC_ROOT_CLASS = YES_ERROR;
				CLANG_WARN_RANGE_LOOP_ANALYSIS = YES;
				CLANG_WARN_STRICT_PROTOTYPES = YES;
				CLANG_WARN_SUSPICIOUS_MOVE = YES;
				CLANG_WARN_UNGUARDED_AVAILABILITY = YES_AGGRESSIVE;
				CLANG_WARN_UNREACHABLE_CODE = YES;
				CLANG_WARN__DUPLICATE_METHOD_MATCH = YES;
				CODE_SIGN_IDENTITY = "iPhone Developer";
				COPY_PHASE_STRIP = NO;
				DEBUG_INFORMATION_FORMAT = "dwarf-with-dsym";
				ENABLE_NS_ASSERTIONS = NO;
				ENABLE_STRICT_OBJC_MSGSEND = YES;
				GCC_C_LANGUAGE_STANDARD = gnu11;
				GCC_NO_COMMON_BLOCKS = YES;
				GCC_WARN_64_TO_32_BIT_CONVERSION = YES;
				GCC_WARN_ABOUT_RETURN_TYPE = YES_ERROR;
				GCC_WARN_UNDECLARED_SELECTOR = YES;
				GCC_WARN_UNINITIALIZED_AUTOS = YES_AGGRESSIVE;
				GCC_WARN_UNUSED_FUNCTION = YES;
				GCC_WARN_UNUSED_VARIABLE = YES;
				IPHONEOS_DEPLOYMENT_TARGET = 11.2;
				MTL_ENABLE_DEBUG_INFO = NO;
				SDKROOT = iphoneos;
				SWIFT_OPTIMIZATION_LEVEL = "-Owholemodule";
				VALIDATE_PRODUCT = YES;
			};
			name = Release;
		};
		ABCB734C2023687D0065FBAC /* Debug */ = {
			isa = XCBuildConfiguration;
			buildSettings = {
				ASSETCATALOG_COMPILER_APPICON_NAME = AppIcon;
				CODE_SIGN_STYLE = Automatic;
				DEVELOPMENT_TEAM = E3G5SAS68Z;
				INFOPLIST_FILE = "Animal Age Calculator/Info.plist";
				LD_RUNPATH_SEARCH_PATHS = "$(inherited) @executable_path/Frameworks";
				PRODUCT_BUNDLE_IDENTIFIER = "com.bojanint.Animal-Age-Calculator";
				PRODUCT_NAME = "$(TARGET_NAME)";
				SWIFT_VERSION = 4.0;
				TARGETED_DEVICE_FAMILY = "1,2";
			};
			name = Debug;
		};
		ABCB734D2023687D0065FBAC /* Release */ = {
			isa = XCBuildConfiguration;
			buildSettings = {
				ASSETCATALOG_COMPILER_APPICON_NAME = AppIcon;
				CODE_SIGN_STYLE = Automatic;
				DEVELOPMENT_TEAM = E3G5SAS68Z;
				INFOPLIST_FILE = "Animal Age Calculator/Info.plist";
				LD_RUNPATH_SEARCH_PATHS = "$(inherited) @executable_path/Frameworks";
				PRODUCT_BUNDLE_IDENTIFIER = "com.bojanint.Animal-Age-Calculator";
				PRODUCT_NAME = "$(TARGET_NAME)";
				SWIFT_VERSION = 4.0;
				TARGETED_DEVICE_FAMILY = "1,2";
			};
			name = Release;
		};
/* End XCBuildConfiguration section */

/* Begin XCConfigurationList section */
		ABCB73312023687D0065FBAC /* Build configuration list for PBXProject "Animal Age Calculator" */ = {
			isa = XCConfigurationList;
			buildConfigurations = (
				ABCB73492023687D0065FBAC /* Debug */,
				ABCB734A2023687D0065FBAC /* Release */,
			);
			defaultConfigurationIsVisible = 0;
			defaultConfigurationName = Release;
		};
		ABCB734B2023687D0065FBAC /* Build configuration list for PBXNativeTarget "Animal Age Calculator" */ = {
			isa = XCConfigurationList;
			buildConfigurations = (
				ABCB734C2023687D0065FBAC /* Debug */,
				ABCB734D2023687D0065FBAC /* Release */,
			);
			defaultConfigurationIsVisible = 0;
			defaultConfigurationName = Release;
		};
/* End XCConfigurationList section */

/* Begin XCVersionGroup section */
		ABCB73402023687D0065FBAC /* Animal_Age_Calculator.xcdatamodeld */ = {
			isa = XCVersionGroup;
			children = (
				ABCB73412023687D0065FBAC /* Animal_Age_Calculator.xcdatamodel */,
			);
			currentVersion = ABCB73412023687D0065FBAC /* Animal_Age_Calculator.xcdatamodel */;
			path = Animal_Age_Calculator.xcdatamodeld;
			sourceTree = "<group>";
			versionGroupType = wrapper.xcdatamodel;
		};
/* End XCVersionGroup section */
	};
	rootObject = ABCB732E2023687D0065FBAC /* Project object */;
}
